// !$*UTF8*$!
{
	archiveVersion = 1;
	classes = {
	};
	objectVersion = 56;
	objects = {

/* Begin PBXBuildFile section */
		833B02CF2BA7DA3400EE8CAA /* StableDiffusionAppApp.swift in Sources */ = {isa = PBXBuildFile; fileRef = 833B02CE2BA7DA3400EE8CAA /* StableDiffusionAppApp.swift */; };
		833B02D12BA7DA3400EE8CAA /* ContentView.swift in Sources */ = {isa = PBXBuildFile; fileRef = 833B02D02BA7DA3400EE8CAA /* ContentView.swift */; };
		833B02D32BA7DA3500EE8CAA /* Assets.xcassets in Resources */ = {isa = PBXBuildFile; fileRef = 833B02D22BA7DA3500EE8CAA /* Assets.xcassets */; };
		833B02D62BA7DA3500EE8CAA /* Preview Assets.xcassets in Resources */ = {isa = PBXBuildFile; fileRef = 833B02D52BA7DA3500EE8CAA /* Preview Assets.xcassets */; };
		833B02DD2BA7DA5100EE8CAA /* TextToImageView.swift in Sources */ = {isa = PBXBuildFile; fileRef = 833B02DC2BA7DA5100EE8CAA /* TextToImageView.swift */; };
		833B02DF2BA7DA6200EE8CAA /* ImageToImageView.swift in Sources */ = {isa = PBXBuildFile; fileRef = 833B02DE2BA7DA6200EE8CAA /* ImageToImageView.swift */; };
		833B02E12BA7DA7900EE8CAA /* Api.swift in Sources */ = {isa = PBXBuildFile; fileRef = 833B02E02BA7DA7900EE8CAA /* Api.swift */; };
		833B02E32BA7DA8700EE8CAA /* PhotoAlbum.swift in Sources */ = {isa = PBXBuildFile; fileRef = 833B02E22BA7DA8700EE8CAA /* PhotoAlbum.swift */; };
		833B02E52BA7DA9600EE8CAA /* ImagePicker.swift in Sources */ = {isa = PBXBuildFile; fileRef = 833B02E42BA7DA9600EE8CAA /* ImagePicker.swift */; };
		833B02E82BA7DAA900EE8CAA /* TextToImageModel.swift in Sources */ = {isa = PBXBuildFile; fileRef = 833B02E72BA7DAA900EE8CAA /* TextToImageModel.swift */; };
		833B02EA2BA7DAB500EE8CAA /* TextToImageResponse.swift in Sources */ = {isa = PBXBuildFile; fileRef = 833B02E92BA7DAB500EE8CAA /* TextToImageResponse.swift */; };
		833B02EC2BA7DAC600EE8CAA /* ImageToImageModel.swift in Sources */ = {isa = PBXBuildFile; fileRef = 833B02EB2BA7DAC600EE8CAA /* ImageToImageModel.swift */; };
		833B02F42BA7DAE800EE8CAA /* AlertToast in Frameworks */ = {isa = PBXBuildFile; productRef = 833B02F32BA7DAE800EE8CAA /* AlertToast */; };
		833B02F82BA8329700EE8CAA /* ImageToImageControlnet.swift in Sources */ = {isa = PBXBuildFile; fileRef = 833B02F72BA8329700EE8CAA /* ImageToImageControlnet.swift */; };
		833B02FA2BA8382000EE8CAA /* ImageToImageControlnetView.swift in Sources */ = {isa = PBXBuildFile; fileRef = 833B02F92BA8382000EE8CAA /* ImageToImageControlnetView.swift */; };
		833B02FC2BA845A600EE8CAA /* ControlnetModel.swift in Sources */ = {isa = PBXBuildFile; fileRef = 833B02FB2BA845A600EE8CAA /* ControlnetModel.swift */; };
		833B02FE2BAD723800EE8CAA /* Lora.swift in Sources */ = {isa = PBXBuildFile; fileRef = 833B02FD2BAD723800EE8CAA /* Lora.swift */; };
		8638C5E9F6BA2376933C17E9 /* Pods_StableDiffusionApp.framework in Frameworks */ = {isa = PBXBuildFile; fileRef = A13370B0FDAEE0E0A886CB90 /* Pods_StableDiffusionApp.framework */; };
/* End PBXBuildFile section */

/* Begin PBXCopyFilesBuildPhase section */
		833B02F62BA7DB2600EE8CAA /* Embed Frameworks */ = {
			isa = PBXCopyFilesBuildPhase;
			buildActionMask = 2147483647;
			dstPath = "";
			dstSubfolderSpec = 10;
			files = (
			);
			name = "Embed Frameworks";
			runOnlyForDeploymentPostprocessing = 0;
		};
/* End PBXCopyFilesBuildPhase section */

/* Begin PBXFileReference section */
		0C0FFFEDF934F0B644E3F978 /* Pods-StableDiffusionApp.debug.xcconfig */ = {isa = PBXFileReference; includeInIndex = 1; lastKnownFileType = text.xcconfig; name = "Pods-StableDiffusionApp.debug.xcconfig"; path = "Target Support Files/Pods-StableDiffusionApp/Pods-StableDiffusionApp.debug.xcconfig"; sourceTree = "<group>"; };
		833B02CB2BA7DA3400EE8CAA /* StableDiffusionApp.app */ = {isa = PBXFileReference; explicitFileType = wrapper.application; includeInIndex = 0; path = StableDiffusionApp.app; sourceTree = BUILT_PRODUCTS_DIR; };
		833B02CE2BA7DA3400EE8CAA /* StableDiffusionAppApp.swift */ = {isa = PBXFileReference; lastKnownFileType = sourcecode.swift; path = StableDiffusionAppApp.swift; sourceTree = "<group>"; };
		833B02D02BA7DA3400EE8CAA /* ContentView.swift */ = {isa = PBXFileReference; lastKnownFileType = sourcecode.swift; path = ContentView.swift; sourceTree = "<group>"; };
		833B02D22BA7DA3500EE8CAA /* Assets.xcassets */ = {isa = PBXFileReference; lastKnownFileType = folder.assetcatalog; path = Assets.xcassets; sourceTree = "<group>"; };
		833B02D52BA7DA3500EE8CAA /* Preview Assets.xcassets */ = {isa = PBXFileReference; lastKnownFileType = folder.assetcatalog; path = "Preview Assets.xcassets"; sourceTree = "<group>"; };
		833B02DC2BA7DA5100EE8CAA /* TextToImageView.swift */ = {isa = PBXFileReference; lastKnownFileType = sourcecode.swift; path = TextToImageView.swift; sourceTree = "<group>"; };
		833B02DE2BA7DA6200EE8CAA /* ImageToImageView.swift */ = {isa = PBXFileReference; lastKnownFileType = sourcecode.swift; path = ImageToImageView.swift; sourceTree = "<group>"; };
		833B02E02BA7DA7900EE8CAA /* Api.swift */ = {isa = PBXFileReference; lastKnownFileType = sourcecode.swift; path = Api.swift; sourceTree = "<group>"; };
		833B02E22BA7DA8700EE8CAA /* PhotoAlbum.swift */ = {isa = PBXFileReference; lastKnownFileType = sourcecode.swift; path = PhotoAlbum.swift; sourceTree = "<group>"; };
		833B02E42BA7DA9600EE8CAA /* ImagePicker.swift */ = {isa = PBXFileReference; lastKnownFileType = sourcecode.swift; path = ImagePicker.swift; sourceTree = "<group>"; };
		833B02E72BA7DAA900EE8CAA /* TextToImageModel.swift */ = {isa = PBXFileReference; lastKnownFileType = sourcecode.swift; path = TextToImageModel.swift; sourceTree = "<group>"; };
		833B02E92BA7DAB500EE8CAA /* TextToImageResponse.swift */ = {isa = PBXFileReference; lastKnownFileType = sourcecode.swift; path = TextToImageResponse.swift; sourceTree = "<group>"; };
		833B02EB2BA7DAC600EE8CAA /* ImageToImageModel.swift */ = {isa = PBXFileReference; lastKnownFileType = sourcecode.swift; path = ImageToImageModel.swift; sourceTree = "<group>"; };
		833B02F72BA8329700EE8CAA /* ImageToImageControlnet.swift */ = {isa = PBXFileReference; lastKnownFileType = sourcecode.swift; path = ImageToImageControlnet.swift; sourceTree = "<group>"; };
		833B02F92BA8382000EE8CAA /* ImageToImageControlnetView.swift */ = {isa = PBXFileReference; lastKnownFileType = sourcecode.swift; path = ImageToImageControlnetView.swift; sourceTree = "<group>"; };
		833B02FB2BA845A600EE8CAA /* ControlnetModel.swift */ = {isa = PBXFileReference; lastKnownFileType = sourcecode.swift; path = ControlnetModel.swift; sourceTree = "<group>"; };
		833B02FD2BAD723800EE8CAA /* Lora.swift */ = {isa = PBXFileReference; lastKnownFileType = sourcecode.swift; path = Lora.swift; sourceTree = "<group>"; };
		833B02FF2BAD74D700EE8CAA /* Info.plist */ = {isa = PBXFileReference; lastKnownFileType = text.plist; path = Info.plist; sourceTree = "<group>"; };
		A13370B0FDAEE0E0A886CB90 /* Pods_StableDiffusionApp.framework */ = {isa = PBXFileReference; explicitFileType = wrapper.framework; includeInIndex = 0; path = Pods_StableDiffusionApp.framework; sourceTree = BUILT_PRODUCTS_DIR; };
		CC25BCBA4F3770604D68D477 /* Pods-StableDiffusionApp.release.xcconfig */ = {isa = PBXFileReference; includeInIndex = 1; lastKnownFileType = text.xcconfig; name = "Pods-StableDiffusionApp.release.xcconfig"; path = "Target Support Files/Pods-StableDiffusionApp/Pods-StableDiffusionApp.release.xcconfig"; sourceTree = "<group>"; };
/* End PBXFileReference section */

/* Begin PBXFrameworksBuildPhase section */
		833B02C82BA7DA3400EE8CAA /* Frameworks */ = {
			isa = PBXFrameworksBuildPhase;
			buildActionMask = 2147483647;
			files = (
				833B02F42BA7DAE800EE8CAA /* AlertToast in Frameworks */,
				8638C5E9F6BA2376933C17E9 /* Pods_StableDiffusionApp.framework in Frameworks */,
			);
			runOnlyForDeploymentPostprocessing = 0;
		};
/* End PBXFrameworksBuildPhase section */

/* Begin PBXGroup section */
		22751FEBAEBF10E7527160BF /* Pods */ = {
			isa = PBXGroup;
			children = (
				0C0FFFEDF934F0B644E3F978 /* Pods-StableDiffusionApp.debug.xcconfig */,
				CC25BCBA4F3770604D68D477 /* Pods-StableDiffusionApp.release.xcconfig */,
			);
			path = Pods;
			sourceTree = "<group>";
		};
		833B02C22BA7DA3400EE8CAA = {
			isa = PBXGroup;
			children = (
				833B02CD2BA7DA3400EE8CAA /* StableDiffusionApp */,
				833B02CC2BA7DA3400EE8CAA /* Products */,
				22751FEBAEBF10E7527160BF /* Pods */,
				E7A0004E09096D97082144B6 /* Frameworks */,
			);
			sourceTree = "<group>";
		};
		833B02CC2BA7DA3400EE8CAA /* Products */ = {
			isa = PBXGroup;
			children = (
				833B02CB2BA7DA3400EE8CAA /* StableDiffusionApp.app */,
			);
			name = Products;
			sourceTree = "<group>";
		};
		833B02CD2BA7DA3400EE8CAA /* StableDiffusionApp */ = {
			isa = PBXGroup;
			children = (
				833B02FF2BAD74D700EE8CAA /* Info.plist */,
				833B02CE2BA7DA3400EE8CAA /* StableDiffusionAppApp.swift */,
				833B02D02BA7DA3400EE8CAA /* ContentView.swift */,
				833B02DC2BA7DA5100EE8CAA /* TextToImageView.swift */,
				833B02DE2BA7DA6200EE8CAA /* ImageToImageView.swift */,
				833B02F92BA8382000EE8CAA /* ImageToImageControlnetView.swift */,
				833B02E02BA7DA7900EE8CAA /* Api.swift */,
				833B02E22BA7DA8700EE8CAA /* PhotoAlbum.swift */,
				833B02E42BA7DA9600EE8CAA /* ImagePicker.swift */,
				833B02E62BA7DAA000EE8CAA /* Model */,
				833B02D22BA7DA3500EE8CAA /* Assets.xcassets */,
				833B02D42BA7DA3500EE8CAA /* Preview Content */,
			);
			path = StableDiffusionApp;
			sourceTree = "<group>";
		};
		833B02D42BA7DA3500EE8CAA /* Preview Content */ = {
			isa = PBXGroup;
			children = (
				833B02D52BA7DA3500EE8CAA /* Preview Assets.xcassets */,
			);
			path = "Preview Content";
			sourceTree = "<group>";
		};
		833B02E62BA7DAA000EE8CAA /* Model */ = {
			isa = PBXGroup;
			children = (
				833B02E72BA7DAA900EE8CAA /* TextToImageModel.swift */,
				833B02E92BA7DAB500EE8CAA /* TextToImageResponse.swift */,
				833B02EB2BA7DAC600EE8CAA /* ImageToImageModel.swift */,
				833B02F72BA8329700EE8CAA /* ImageToImageControlnet.swift */,
				833B02FB2BA845A600EE8CAA /* ControlnetModel.swift */,
				833B02FD2BAD723800EE8CAA /* Lora.swift */,
			);
			path = Model;
			sourceTree = "<group>";
		};
		E7A0004E09096D97082144B6 /* Frameworks */ = {
			isa = PBXGroup;
			children = (
				A13370B0FDAEE0E0A886CB90 /* Pods_StableDiffusionApp.framework */,
			);
			name = Frameworks;
			sourceTree = "<group>";
		};
/* End PBXGroup section */

/* Begin PBXNativeTarget section */
		833B02CA2BA7DA3400EE8CAA /* StableDiffusionApp */ = {
			isa = PBXNativeTarget;
			buildConfigurationList = 833B02D92BA7DA3500EE8CAA /* Build configuration list for PBXNativeTarget "StableDiffusionApp" */;
			buildPhases = (
				C0B41DC06E7CB8CC30B17931 /* [CP] Check Pods Manifest.lock */,
				833B02C72BA7DA3400EE8CAA /* Sources */,
				833B02C82BA7DA3400EE8CAA /* Frameworks */,
				833B02C92BA7DA3400EE8CAA /* Resources */,
				833B02F62BA7DB2600EE8CAA /* Embed Frameworks */,
				C9D3C1EDF66A269C601DA478 /* [CP] Embed Pods Frameworks */,
			);
			buildRules = (
			);
			dependencies = (
			);
			name = StableDiffusionApp;
			packageProductDependencies = (
				833B02F32BA7DAE800EE8CAA /* AlertToast */,
			);
			productName = StableDiffusionApp;
			productReference = 833B02CB2BA7DA3400EE8CAA /* StableDiffusionApp.app */;
			productType = "com.apple.product-type.application";
		};
/* End PBXNativeTarget section */

/* Begin PBXProject section */
		833B02C32BA7DA3400EE8CAA /* Project object */ = {
			isa = PBXProject;
			attributes = {
				BuildIndependentTargetsInParallel = 1;
				LastSwiftUpdateCheck = 1510;
				LastUpgradeCheck = 1510;
				TargetAttributes = {
					833B02CA2BA7DA3400EE8CAA = {
						CreatedOnToolsVersion = 15.1;
					};
				};
			};
			buildConfigurationList = 833B02C62BA7DA3400EE8CAA /* Build configuration list for PBXProject "StableDiffusionApp" */;
			compatibilityVersion = "Xcode 14.0";
			developmentRegion = en;
			hasScannedForEncodings = 0;
			knownRegions = (
				en,
				Base,
			);
			mainGroup = 833B02C22BA7DA3400EE8CAA;
			packageReferences = (
				833B02F22BA7DAE800EE8CAA /* XCRemoteSwiftPackageReference "AlertToast" */,
			);
			productRefGroup = 833B02CC2BA7DA3400EE8CAA /* Products */;
			projectDirPath = "";
			projectRoot = "";
			targets = (
				833B02CA2BA7DA3400EE8CAA /* StableDiffusionApp */,
			);
		};
/* End PBXProject section */

/* Begin PBXResourcesBuildPhase section */
		833B02C92BA7DA3400EE8CAA /* Resources */ = {
			isa = PBXResourcesBuildPhase;
			buildActionMask = 2147483647;
			files = (
				833B02D62BA7DA3500EE8CAA /* Preview Assets.xcassets in Resources */,
				833B02D32BA7DA3500EE8CAA /* Assets.xcassets in Resources */,
			);
			runOnlyForDeploymentPostprocessing = 0;
		};
/* End PBXResourcesBuildPhase section */

/* Begin PBXShellScriptBuildPhase section */
		C0B41DC06E7CB8CC30B17931 /* [CP] Check Pods Manifest.lock */ = {
			isa = PBXShellScriptBuildPhase;
			buildActionMask = 2147483647;
			files = (
			);
			inputFileListPaths = (
			);
			inputPaths = (
				"${PODS_PODFILE_DIR_PATH}/Podfile.lock",
				"${PODS_ROOT}/Manifest.lock",
			);
			name = "[CP] Check Pods Manifest.lock";
			outputFileListPaths = (
			);
			outputPaths = (
				"$(DERIVED_FILE_DIR)/Pods-StableDiffusionApp-checkManifestLockResult.txt",
			);
			runOnlyForDeploymentPostprocessing = 0;
			shellPath = /bin/sh;
			shellScript = "diff \"${PODS_PODFILE_DIR_PATH}/Podfile.lock\" \"${PODS_ROOT}/Manifest.lock\" > /dev/null\nif [ $? != 0 ] ; then\n    # print error to STDERR\n    echo \"error: The sandbox is not in sync with the Podfile.lock. Run 'pod install' or update your CocoaPods installation.\" >&2\n    exit 1\nfi\n# This output is used by Xcode 'outputs' to avoid re-running this script phase.\necho \"SUCCESS\" > \"${SCRIPT_OUTPUT_FILE_0}\"\n";
			showEnvVarsInLog = 0;
		};
		C9D3C1EDF66A269C601DA478 /* [CP] Embed Pods Frameworks */ = {
			isa = PBXShellScriptBuildPhase;
			buildActionMask = 2147483647;
			files = (
			);
			inputFileListPaths = (
				"${PODS_ROOT}/Target Support Files/Pods-StableDiffusionApp/Pods-StableDiffusionApp-frameworks-${CONFIGURATION}-input-files.xcfilelist",
			);
			name = "[CP] Embed Pods Frameworks";
			outputFileListPaths = (
				"${PODS_ROOT}/Target Support Files/Pods-StableDiffusionApp/Pods-StableDiffusionApp-frameworks-${CONFIGURATION}-output-files.xcfilelist",
			);
			runOnlyForDeploymentPostprocessing = 0;
			shellPath = /bin/sh;
			shellScript = "\"${PODS_ROOT}/Target Support Files/Pods-StableDiffusionApp/Pods-StableDiffusionApp-frameworks.sh\"\n";
			showEnvVarsInLog = 0;
		};
/* End PBXShellScriptBuildPhase section */

/* Begin PBXSourcesBuildPhase section */
		833B02C72BA7DA3400EE8CAA /* Sources */ = {
			isa = PBXSourcesBuildPhase;
			buildActionMask = 2147483647;
			files = (
				833B02D12BA7DA3400EE8CAA /* ContentView.swift in Sources */,
				833B02DF2BA7DA6200EE8CAA /* ImageToImageView.swift in Sources */,
				833B02F82BA8329700EE8CAA /* ImageToImageControlnet.swift in Sources */,
				833B02EC2BA7DAC600EE8CAA /* ImageToImageModel.swift in Sources */,
				833B02E32BA7DA8700EE8CAA /* PhotoAlbum.swift in Sources */,
				833B02E52BA7DA9600EE8CAA /* ImagePicker.swift in Sources */,
				833B02FA2BA8382000EE8CAA /* ImageToImageControlnetView.swift in Sources */,
				833B02DD2BA7DA5100EE8CAA /* TextToImageView.swift in Sources */,
				833B02E82BA7DAA900EE8CAA /* TextToImageModel.swift in Sources */,
				833B02FE2BAD723800EE8CAA /* Lora.swift in Sources */,
				833B02EA2BA7DAB500EE8CAA /* TextToImageResponse.swift in Sources */,
				833B02E12BA7DA7900EE8CAA /* Api.swift in Sources */,
				833B02CF2BA7DA3400EE8CAA /* StableDiffusionAppApp.swift in Sources */,
				833B02FC2BA845A600EE8CAA /* ControlnetModel.swift in Sources */,
			);
			runOnlyForDeploymentPostprocessing = 0;
		};
/* End PBXSourcesBuildPhase section */

/* Begin XCBuildConfiguration section */
		833B02D72BA7DA3500EE8CAA /* Debug */ = {
			isa = XCBuildConfiguration;
			buildSettings = {
				ALWAYS_SEARCH_USER_PATHS = NO;
				ASSETCATALOG_COMPILER_GENERATE_SWIFT_ASSET_SYMBOL_EXTENSIONS = YES;
				CLANG_ANALYZER_NONNULL = YES;
				CLANG_ANALYZER_NUMBER_OBJECT_CONVERSION = YES_AGGRESSIVE;
				CLANG_CXX_LANGUAGE_STANDARD = "gnu++20";
				CLANG_ENABLE_MODULES = YES;
				CLANG_ENABLE_OBJC_ARC = YES;
				CLANG_ENABLE_OBJC_WEAK = YES;
				CLANG_WARN_BLOCK_CAPTURE_AUTORELEASING = YES;
				CLANG_WARN_BOOL_CONVERSION = YES;
				CLANG_WARN_COMMA = YES;
				CLANG_WARN_CONSTANT_CONVERSION = YES;
				CLANG_WARN_DEPRECATED_OBJC_IMPLEMENTATIONS = YES;
				CLANG_WARN_DIRECT_OBJC_ISA_USAGE = YES_ERROR;
				CLANG_WARN_DOCUMENTATION_COMMENTS = YES;
				CLANG_WARN_EMPTY_BODY = YES;
				CLANG_WARN_ENUM_CONVERSION = YES;
				CLANG_WARN_INFINITE_RECURSION = YES;
				CLANG_WARN_INT_CONVERSION = YES;
				CLANG_WARN_NON_LITERAL_NULL_CONVERSION = YES;
				CLANG_WARN_OBJC_IMPLICIT_RETAIN_SELF = YES;
				CLANG_WARN_OBJC_LITERAL_CONVERSION = YES;
				CLANG_WARN_OBJC_ROOT_CLASS = YES_ERROR;
				CLANG_WARN_QUOTED_INCLUDE_IN_FRAMEWORK_HEADER = YES;
				CLANG_WARN_RANGE_LOOP_ANALYSIS = YES;
				CLANG_WARN_STRICT_PROTOTYPES = YES;
				CLANG_WARN_SUSPICIOUS_MOVE = YES;
				CLANG_WARN_UNGUARDED_AVAILABILITY = YES_AGGRESSIVE;
				CLANG_WARN_UNREACHABLE_CODE = YES;
				CLANG_WARN__DUPLICATE_METHOD_MATCH = YES;
				COPY_PHASE_STRIP = NO;
				DEBUG_INFORMATION_FORMAT = dwarf;
				ENABLE_STRICT_OBJC_MSGSEND = YES;
				ENABLE_TESTABILITY = YES;
				ENABLE_USER_SCRIPT_SANDBOXING = YES;
				GCC_C_LANGUAGE_STANDARD = gnu17;
				GCC_DYNAMIC_NO_PIC = NO;
				GCC_NO_COMMON_BLOCKS = YES;
				GCC_OPTIMIZATION_LEVEL = 0;
				GCC_PREPROCESSOR_DEFINITIONS = (
					"DEBUG=1",
					"$(inherited)",
				);
				GCC_WARN_64_TO_32_BIT_CONVERSION = YES;
				GCC_WARN_ABOUT_RETURN_TYPE = YES_ERROR;
				GCC_WARN_UNDECLARED_SELECTOR = YES;
				GCC_WARN_UNINITIALIZED_AUTOS = YES_AGGRESSIVE;
				GCC_WARN_UNUSED_FUNCTION = YES;
				GCC_WARN_UNUSED_VARIABLE = YES;
				IPHONEOS_DEPLOYMENT_TARGET = 17.2;
				LOCALIZATION_PREFERS_STRING_CATALOGS = YES;
				MTL_ENABLE_DEBUG_INFO = INCLUDE_SOURCE;
				MTL_FAST_MATH = YES;
				ONLY_ACTIVE_ARCH = YES;
				SDKROOT = iphoneos;
				SWIFT_ACTIVE_COMPILATION_CONDITIONS = "DEBUG $(inherited)";
				SWIFT_OPTIMIZATION_LEVEL = "-Onone";
			};
			name = Debug;
		};
		833B02D82BA7DA3500EE8CAA /* Release */ = {
			isa = XCBuildConfiguration;
			buildSettings = {
				ALWAYS_SEARCH_USER_PATHS = NO;
				ASSETCATALOG_COMPILER_GENERATE_SWIFT_ASSET_SYMBOL_EXTENSIONS = YES;
				CLANG_ANALYZER_NONNULL = YES;
				CLANG_ANALYZER_NUMBER_OBJECT_CONVERSION = YES_AGGRESSIVE;
				CLANG_CXX_LANGUAGE_STANDARD = "gnu++20";
				CLANG_ENABLE_MODULES = YES;
				CLANG_ENABLE_OBJC_ARC = YES;
				CLANG_ENABLE_OBJC_WEAK = YES;
				CLANG_WARN_BLOCK_CAPTURE_AUTORELEASING = YES;
				CLANG_WARN_BOOL_CONVERSION = YES;
				CLANG_WARN_COMMA = YES;
				CLANG_WARN_CONSTANT_CONVERSION = YES;
				CLANG_WARN_DEPRECATED_OBJC_IMPLEMENTATIONS = YES;
				CLANG_WARN_DIRECT_OBJC_ISA_USAGE = YES_ERROR;
				CLANG_WARN_DOCUMENTATION_COMMENTS = YES;
				CLANG_WARN_EMPTY_BODY = YES;
				CLANG_WARN_ENUM_CONVERSION = YES;
				CLANG_WARN_INFINITE_RECURSION = YES;
				CLANG_WARN_INT_CONVERSION = YES;
				CLANG_WARN_NON_LITERAL_NULL_CONVERSION = YES;
				CLANG_WARN_OBJC_IMPLICIT_RETAIN_SELF = YES;
				CLANG_WARN_OBJC_LITERAL_CONVERSION = YES;
				CLANG_WARN_OBJC_ROOT_CLASS = YES_ERROR;
				CLANG_WARN_QUOTED_INCLUDE_IN_FRAMEWORK_HEADER = YES;
				CLANG_WARN_RANGE_LOOP_ANALYSIS = YES;
				CLANG_WARN_STRICT_PROTOTYPES = YES;
				CLANG_WARN_SUSPICIOUS_MOVE = YES;
				CLANG_WARN_UNGUARDED_AVAILABILITY = YES_AGGRESSIVE;
				CLANG_WARN_UNREACHABLE_CODE = YES;
				CLANG_WARN__DUPLICATE_METHOD_MATCH = YES;
				COPY_PHASE_STRIP = NO;
				DEBUG_INFORMATION_FORMAT = "dwarf-with-dsym";
				ENABLE_NS_ASSERTIONS = NO;
				ENABLE_STRICT_OBJC_MSGSEND = YES;
				ENABLE_USER_SCRIPT_SANDBOXING = YES;
				GCC_C_LANGUAGE_STANDARD = gnu17;
				GCC_NO_COMMON_BLOCKS = YES;
				GCC_WARN_64_TO_32_BIT_CONVERSION = YES;
				GCC_WARN_ABOUT_RETURN_TYPE = YES_ERROR;
				GCC_WARN_UNDECLARED_SELECTOR = YES;
				GCC_WARN_UNINITIALIZED_AUTOS = YES_AGGRESSIVE;
				GCC_WARN_UNUSED_FUNCTION = YES;
				GCC_WARN_UNUSED_VARIABLE = YES;
				IPHONEOS_DEPLOYMENT_TARGET = 17.2;
				LOCALIZATION_PREFERS_STRING_CATALOGS = YES;
				MTL_ENABLE_DEBUG_INFO = NO;
				MTL_FAST_MATH = YES;
				SDKROOT = iphoneos;
				SWIFT_COMPILATION_MODE = wholemodule;
				VALIDATE_PRODUCT = YES;
			};
			name = Release;
		};
		833B02DA2BA7DA3500EE8CAA /* Debug */ = {
			isa = XCBuildConfiguration;
			baseConfigurationReference = 0C0FFFEDF934F0B644E3F978 /* Pods-StableDiffusionApp.debug.xcconfig */;
			buildSettings = {
				ASSETCATALOG_COMPILER_APPICON_NAME = AppIcon;
				ASSETCATALOG_COMPILER_GLOBAL_ACCENT_COLOR_NAME = AccentColor;
				CODE_SIGN_STYLE = Automatic;
				CURRENT_PROJECT_VERSION = 1;
				DEVELOPMENT_ASSET_PATHS = "\"StableDiffusionApp/Preview Content\"";
				DEVELOPMENT_TEAM = 6B9NP6VQ7R;
				ENABLE_PREVIEWS = YES;
				ENABLE_USER_SCRIPT_SANDBOXING = NO;
				GENERATE_INFOPLIST_FILE = YES;
				INFOPLIST_FILE = StableDiffusionApp/Info.plist;
				INFOPLIST_KEY_NSPhotoLibraryAddUsageDescription = "save image";
				INFOPLIST_KEY_NSPhotoLibraryUsageDescription = "save image";
				INFOPLIST_KEY_UIApplicationSceneManifest_Generation = YES;
				INFOPLIST_KEY_UIApplicationSupportsIndirectInputEvents = YES;
				INFOPLIST_KEY_UILaunchScreen_Generation = YES;
				INFOPLIST_KEY_UISupportedInterfaceOrientations_iPad = "UIInterfaceOrientationPortrait UIInterfaceOrientationPortraitUpsideDown UIInterfaceOrientationLandscapeLeft UIInterfaceOrientationLandscapeRight";
				INFOPLIST_KEY_UISupportedInterfaceOrientations_iPhone = "UIInterfaceOrientationPortrait UIInterfaceOrientationLandscapeLeft UIInterfaceOrientationLandscapeRight";
				IPHONEOS_DEPLOYMENT_TARGET = 15.0;
				LD_RUNPATH_SEARCH_PATHS = (
					"$(inherited)",
					"@executable_path/Frameworks",
				);
				MARKETING_VERSION = 1.0;
				PRODUCT_BUNDLE_IDENTIFIER = com.maxmobile.StableDiffusionApp;
				PRODUCT_NAME = "$(TARGET_NAME)";
				SWIFT_EMIT_LOC_STRINGS = YES;
				SWIFT_VERSION = 5.0;
				TARGETED_DEVICE_FAMILY = "1,2";
			};
			name = Debug;
		};
		833B02DB2BA7DA3500EE8CAA /* Release */ = {
			isa = XCBuildConfiguration;
			baseConfigurationReference = CC25BCBA4F3770604D68D477 /* Pods-StableDiffusionApp.release.xcconfig */;
			buildSettings = {
				ASSETCATALOG_COMPILER_APPICON_NAME = AppIcon;
				ASSETCATALOG_COMPILER_GLOBAL_ACCENT_COLOR_NAME = AccentColor;
				CODE_SIGN_STYLE = Automatic;
				CURRENT_PROJECT_VERSION = 1;
				DEVELOPMENT_ASSET_PATHS = "\"StableDiffusionApp/Preview Content\"";
				DEVELOPMENT_TEAM = 6B9NP6VQ7R;
				ENABLE_PREVIEWS = YES;
				ENABLE_USER_SCRIPT_SANDBOXING = NO;
				GENERATE_INFOPLIST_FILE = YES;
				INFOPLIST_FILE = StableDiffusionApp/Info.plist;
				INFOPLIST_KEY_NSPhotoLibraryAddUsageDescription = "save image";
				INFOPLIST_KEY_NSPhotoLibraryUsageDescription = "save image";
				INFOPLIST_KEY_UIApplicationSceneManifest_Generation = YES;
				INFOPLIST_KEY_UIApplicationSupportsIndirectInputEvents = YES;
				INFOPLIST_KEY_UILaunchScreen_Generation = YES;
				INFOPLIST_KEY_UISupportedInterfaceOrientations_iPad = "UIInterfaceOrientationPortrait UIInterfaceOrientationPortraitUpsideDown UIInterfaceOrientationLandscapeLeft UIInterfaceOrientationLandscapeRight";
				INFOPLIST_KEY_UISupportedInterfaceOrientations_iPhone = "UIInterfaceOrientationPortrait UIInterfaceOrientationLandscapeLeft UIInterfaceOrientationLandscapeRight";
				IPHONEOS_DEPLOYMENT_TARGET = 15.0;
				LD_RUNPATH_SEARCH_PATHS = (
					"$(inherited)",
					"@executable_path/Frameworks",
				);
				MARKETING_VERSION = 1.0;
				PRODUCT_BUNDLE_IDENTIFIER = com.maxmobile.StableDiffusionApp;
				PRODUCT_NAME = "$(TARGET_NAME)";
				SWIFT_EMIT_LOC_STRINGS = YES;
				SWIFT_VERSION = 5.0;
				TARGETED_DEVICE_FAMILY = "1,2";
			};
			name = Release;
		};
/* End XCBuildConfiguration section */

/* Begin XCConfigurationList section */
		833B02C62BA7DA3400EE8CAA /* Build configuration list for PBXProject "StableDiffusionApp" */ = {
			isa = XCConfigurationList;
			buildConfigurations = (
				833B02D72BA7DA3500EE8CAA /* Debug */,
				833B02D82BA7DA3500EE8CAA /* Release */,
			);
			defaultConfigurationIsVisible = 0;
			defaultConfigurationName = Release;
		};
		833B02D92BA7DA3500EE8CAA /* Build configuration list for PBXNativeTarget "StableDiffusionApp" */ = {
			isa = XCConfigurationList;
			buildConfigurations = (
				833B02DA2BA7DA3500EE8CAA /* Debug */,
				833B02DB2BA7DA3500EE8CAA /* Release */,
			);
			defaultConfigurationIsVisible = 0;
			defaultConfigurationName = Release;
		};
/* End XCConfigurationList section */

/* Begin XCRemoteSwiftPackageReference section */
		833B02F22BA7DAE800EE8CAA /* XCRemoteSwiftPackageReference "AlertToast" */ = {
			isa = XCRemoteSwiftPackageReference;
			repositoryURL = "https://github.com/elai950/AlertToast";
			requirement = {
				kind = upToNextMajorVersion;
				minimumVersion = 1.3.9;
			};
		};
/* End XCRemoteSwiftPackageReference section */

/* Begin XCSwiftPackageProductDependency section */
		833B02F32BA7DAE800EE8CAA /* AlertToast */ = {
			isa = XCSwiftPackageProductDependency;
			package = 833B02F22BA7DAE800EE8CAA /* XCRemoteSwiftPackageReference "AlertToast" */;
			productName = AlertToast;
		};
/* End XCSwiftPackageProductDependency section */
	};
	rootObject = 833B02C32BA7DA3400EE8CAA /* Project object */;
}
